github.com/joho/godotenv v1.5.1 h1:7eLL/+HRGLY0ldzfGMeQkb7vMd0as4CfYvUVzLqw0N0=
github.com/joho/godotenv v1.5.1/go.mod h1:f4LDr5Voq0i2e/R5DDNOoa2zzDfwtkZa6DnEwAbqwq4=
github.com/yanzay/tbot/v2 v2.2.0 h1:bK1+XTwY59IskXpwtHc/ItfU2uELTTqYP3pajfBaPeM=
github.com/yanzay/tbot/v2 v2.2.0/go.mod h1:q0+8JblBq9tLAnKHdBIZsHwDvMS9TfO6mNfaAk1VrHg=
